
Microsoft Visual Studio Solution File, Format Version 12.00
# Visual Studio Version 17
VisualStudioVersion = 17.0.31919.166
MinimumVisualStudioVersion = 10.0.40219.1
Project("{FAE04EC0-301F-11D3-BF4B-00C04F79EFBC}") = "WindowsFormsApp5", "WindowsFormsApp5\WindowsFormsApp5.csproj", "{BCADC611-EE1D-433F-9882-9D4D81CC9768}"
EndProject
Global
	GlobalSection(SolutionConfigurationPlatforms) = preSolution
		Debug|Any CPU = Debug|Any CPU
		Release|Any CPU = Release|Any CPU
	EndGlobalSection
	GlobalSection(ProjectConfigurationPlatforms) = postSolution
		{BCADC611-EE1D-433F-9882-9D4D81CC9768}.Debug|Any CPU.ActiveCfg = Debug|Any CPU
		{BCADC611-EE1D-433F-9882-9D4D81CC9768}.Debug|Any CPU.Build.0 = Debug|Any CPU
		{BCADC611-EE1D-433F-9882-9D4D81CC9768}.Release|Any CPU.ActiveCfg = Release|Any CPU
		{BCADC611-EE1D-433F-9882-9D4D81CC9768}.Release|Any CPU.Build.0 = Release|Any CPU
	EndGlobalSection
	GlobalSection(SolutionProperties) = preSolution
		HideSolutionNode = FALSE
	EndGlobalSection
	GlobalSection(ExtensibilityGlobals) = postSolution
		SolutionGuid = {45EEC372-A146-4441-B3FA-C7AB9BE0A0E2}
	EndGlobalSection
EndGlobal
